
Microsoft Visual Studio Solution File, Format Version 11.00
# Visual Studio 2010
Project("{FAE04EC0-301F-11D3-BF4B-00C04F79EFBC}") = "1251_Flex_Gauss_BVR", "Assembly-CSharp.csproj", "{5E9BAB4D-7E0E-B058-E61C-302C5A608AFF}"
EndProject
Project("{FAE04EC0-301F-11D3-BF4B-00C04F79EFBC}") = "1251_Flex_Gauss_BVR", "Assembly-CSharp-Editor.csproj", "{D9FD7475-6F82-F41C-102C-ED222E259995}"
EndProject
Global
	GlobalSection(SolutionConfigurationPlatforms) = preSolution
		Debug|Any CPU = Debug|Any CPU
		Release|Any CPU = Release|Any CPU
	EndGlobalSection
	GlobalSection(ProjectConfigurationPlatforms) = postSolution
		{5E9BAB4D-7E0E-B058-E61C-302C5A608AFF}.Debug|Any CPU.ActiveCfg = Debug|Any CPU
		{5E9BAB4D-7E0E-B058-E61C-302C5A608AFF}.Debug|Any CPU.Build.0 = Debug|Any CPU
		{5E9BAB4D-7E0E-B058-E61C-302C5A608AFF}.Release|Any CPU.ActiveCfg = Release|Any CPU
		{5E9BAB4D-7E0E-B058-E61C-302C5A608AFF}.Release|Any CPU.Build.0 = Release|Any CPU
		{D9FD7475-6F82-F41C-102C-ED222E259995}.Debug|Any CPU.ActiveCfg = Debug|Any CPU
		{D9FD7475-6F82-F41C-102C-ED222E259995}.Debug|Any CPU.Build.0 = Debug|Any CPU
		{D9FD7475-6F82-F41C-102C-ED222E259995}.Release|Any CPU.ActiveCfg = Release|Any CPU
		{D9FD7475-6F82-F41C-102C-ED222E259995}.Release|Any CPU.Build.0 = Release|Any CPU
	EndGlobalSection
	GlobalSection(SolutionProperties) = preSolution
		HideSolutionNode = FALSE
	EndGlobalSection
	GlobalSection(MonoDevelopProperties) = preSolution
		StartupItem = Assembly-CSharp.csproj
	EndGlobalSection
EndGlobal
